
Microsoft Visual Studio Solution File, Format Version 12.00
# Visual Studio Version 16
VisualStudioVersion = 16.0.30204.135
MinimumVisualStudioVersion = 10.0.40219.1
Project("{FAE04EC0-301F-11D3-BF4B-00C04F79EFBC}") = "FG Stream Helper", "Smash Helper\FG Stream Helper.csproj", "{63B34AE0-C6B5-43A4-8675-F9B977E1878C}"
EndProject
Global
	GlobalSection(SolutionConfigurationPlatforms) = preSolution
		Debug|Any CPU = Debug|Any CPU
		Release|Any CPU = Release|Any CPU
	EndGlobalSection
	GlobalSection(ProjectConfigurationPlatforms) = postSolution
		{63B34AE0-C6B5-43A4-8675-F9B977E1878C}.Debug|Any CPU.ActiveCfg = Debug|Any CPU
		{63B34AE0-C6B5-43A4-8675-F9B977E1878C}.Debug|Any CPU.Build.0 = Debug|Any CPU
		{63B34AE0-C6B5-43A4-8675-F9B977E1878C}.Release|Any CPU.ActiveCfg = Release|Any CPU
		{63B34AE0-C6B5-43A4-8675-F9B977E1878C}.Release|Any CPU.Build.0 = Release|Any CPU
	EndGlobalSection
	GlobalSection(SolutionProperties) = preSolution
		HideSolutionNode = FALSE
	EndGlobalSection
	GlobalSection(ExtensibilityGlobals) = postSolution
		SolutionGuid = {3E77168B-AE9E-4962-93E1-C0C4EA61ABE0}
	EndGlobalSection
EndGlobal
